// !$*UTF8*$!
{
	archiveVersion = 1;
	classes = {
	};
	objectVersion = 55;
	objects = {

/* Begin PBXBuildFile section */
		7657B1BC27A2AAFD00A9C23A /* ErrorView.swift in Sources */ = {isa = PBXBuildFile; fileRef = 7657B1BB27A2AAFD00A9C23A /* ErrorView.swift */; };
		7657B1BE27A2D94000A9C23A /* SettingsView.swift in Sources */ = {isa = PBXBuildFile; fileRef = 7657B1BD27A2D94000A9C23A /* SettingsView.swift */; };
		7657B1C027A2D94C00A9C23A /* FeedView.swift in Sources */ = {isa = PBXBuildFile; fileRef = 7657B1BF27A2D94C00A9C23A /* FeedView.swift */; };
		766A81CD2799FBD000564FCD /* APIError.swift in Sources */ = {isa = PBXBuildFile; fileRef = 766A81CC2799FBD000564FCD /* APIError.swift */; };
		766A81D02799FCCE00564FCD /* NewsService.swift in Sources */ = {isa = PBXBuildFile; fileRef = 766A81CF2799FCCE00564FCD /* NewsService.swift */; };
		766A81D3279A016D00564FCD /* ResultState.swift in Sources */ = {isa = PBXBuildFile; fileRef = 766A81D2279A016D00564FCD /* ResultState.swift */; };
		766A81D6279A01BA00564FCD /* NewsViewModel.swift in Sources */ = {isa = PBXBuildFile; fileRef = 766A81D5279A01BA00564FCD /* NewsViewModel.swift */; };
		766A81D9279A04E000564FCD /* URLImage in Frameworks */ = {isa = PBXBuildFile; productRef = 766A81D8279A04E000564FCD /* URLImage */; };
		766A81DB279A04E000564FCD /* URLImageStore in Frameworks */ = {isa = PBXBuildFile; productRef = 766A81DA279A04E000564FCD /* URLImageStore */; };
		766A81DD279A052D00564FCD /* ArticleView.swift in Sources */ = {isa = PBXBuildFile; fileRef = 766A81DC279A052D00564FCD /* ArticleView.swift */; };
		769E300927983C8C006677E3 /* SwuiftUINewsApp.swift in Sources */ = {isa = PBXBuildFile; fileRef = 769E300827983C8C006677E3 /* SwuiftUINewsApp.swift */; };
		769E300D27983C91006677E3 /* Assets.xcassets in Resources */ = {isa = PBXBuildFile; fileRef = 769E300C27983C91006677E3 /* Assets.xcassets */; };
		769E301027983C91006677E3 /* Preview Assets.xcassets in Resources */ = {isa = PBXBuildFile; fileRef = 769E300F27983C91006677E3 /* Preview Assets.xcassets */; };
		769E301A27983C91006677E3 /* SwuiftUINewsAppTests.swift in Sources */ = {isa = PBXBuildFile; fileRef = 769E301927983C91006677E3 /* SwuiftUINewsAppTests.swift */; };
		769E302427983C91006677E3 /* SwuiftUINewsAppUITests.swift in Sources */ = {isa = PBXBuildFile; fileRef = 769E302327983C91006677E3 /* SwuiftUINewsAppUITests.swift */; };
		769E302627983C91006677E3 /* SwuiftUINewsAppUITestsLaunchTests.swift in Sources */ = {isa = PBXBuildFile; fileRef = 769E302527983C91006677E3 /* SwuiftUINewsAppUITestsLaunchTests.swift */; };
		769E303327983E85006677E3 /* README.md in Resources */ = {isa = PBXBuildFile; fileRef = 769E303227983E85006677E3 /* README.md */; };
		769E3036279842C7006677E3 /* HomeView.swift in Sources */ = {isa = PBXBuildFile; fileRef = 769E3035279842C7006677E3 /* HomeView.swift */; };
		769E3039279845FB006677E3 /* NewsResponse.swift in Sources */ = {isa = PBXBuildFile; fileRef = 769E3038279845FB006677E3 /* NewsResponse.swift */; };
		769E303C27984FB4006677E3 /* NewsEndpoint.swift in Sources */ = {isa = PBXBuildFile; fileRef = 769E303B27984FB4006677E3 /* NewsEndpoint.swift */; };
/* End PBXBuildFile section */

/* Begin PBXContainerItemProxy section */
		769E301627983C91006677E3 /* PBXContainerItemProxy */ = {
			isa = PBXContainerItemProxy;
			containerPortal = 769E2FFD27983C8C006677E3 /* Project object */;
			proxyType = 1;
			remoteGlobalIDString = 769E300427983C8C006677E3;
			remoteInfo = SwuiftUINewsApp;
		};
		769E302027983C91006677E3 /* PBXContainerItemProxy */ = {
			isa = PBXContainerItemProxy;
			containerPortal = 769E2FFD27983C8C006677E3 /* Project object */;
			proxyType = 1;
			remoteGlobalIDString = 769E300427983C8C006677E3;
			remoteInfo = SwuiftUINewsApp;
		};
/* End PBXContainerItemProxy section */

/* Begin PBXFileReference section */
		7657B1BB27A2AAFD00A9C23A /* ErrorView.swift */ = {isa = PBXFileReference; lastKnownFileType = sourcecode.swift; path = ErrorView.swift; sourceTree = "<group>"; };
		7657B1BD27A2D94000A9C23A /* SettingsView.swift */ = {isa = PBXFileReference; lastKnownFileType = sourcecode.swift; path = SettingsView.swift; sourceTree = "<group>"; };
		7657B1BF27A2D94C00A9C23A /* FeedView.swift */ = {isa = PBXFileReference; lastKnownFileType = sourcecode.swift; name = FeedView.swift; path = ../../../../../../Stickies/FeedView.swift; sourceTree = "<group>"; };
		766A81CC2799FBD000564FCD /* APIError.swift */ = {isa = PBXFileReference; lastKnownFileType = sourcecode.swift; path = APIError.swift; sourceTree = "<group>"; };
		766A81CF2799FCCE00564FCD /* NewsService.swift */ = {isa = PBXFileReference; lastKnownFileType = sourcecode.swift; path = NewsService.swift; sourceTree = "<group>"; };
		766A81D2279A016D00564FCD /* ResultState.swift */ = {isa = PBXFileReference; lastKnownFileType = sourcecode.swift; path = ResultState.swift; sourceTree = "<group>"; };
		766A81D5279A01BA00564FCD /* NewsViewModel.swift */ = {isa = PBXFileReference; lastKnownFileType = sourcecode.swift; path = NewsViewModel.swift; sourceTree = "<group>"; };
		766A81DC279A052D00564FCD /* ArticleView.swift */ = {isa = PBXFileReference; lastKnownFileType = sourcecode.swift; path = ArticleView.swift; sourceTree = "<group>"; };
		769E300527983C8C006677E3 /* SwuiftUINewsApp.app */ = {isa = PBXFileReference; explicitFileType = wrapper.application; includeInIndex = 0; path = SwuiftUINewsApp.app; sourceTree = BUILT_PRODUCTS_DIR; };
		769E300827983C8C006677E3 /* SwuiftUINewsApp.swift */ = {isa = PBXFileReference; lastKnownFileType = sourcecode.swift; path = SwuiftUINewsApp.swift; sourceTree = "<group>"; };
		769E300C27983C91006677E3 /* Assets.xcassets */ = {isa = PBXFileReference; lastKnownFileType = folder.assetcatalog; path = Assets.xcassets; sourceTree = "<group>"; };
		769E300F27983C91006677E3 /* Preview Assets.xcassets */ = {isa = PBXFileReference; lastKnownFileType = folder.assetcatalog; path = "Preview Assets.xcassets"; sourceTree = "<group>"; };
		769E301527983C91006677E3 /* SwuiftUINewsAppTests.xctest */ = {isa = PBXFileReference; explicitFileType = wrapper.cfbundle; includeInIndex = 0; path = SwuiftUINewsAppTests.xctest; sourceTree = BUILT_PRODUCTS_DIR; };
		769E301927983C91006677E3 /* SwuiftUINewsAppTests.swift */ = {isa = PBXFileReference; lastKnownFileType = sourcecode.swift; path = SwuiftUINewsAppTests.swift; sourceTree = "<group>"; };
		769E301F27983C91006677E3 /* SwuiftUINewsAppUITests.xctest */ = {isa = PBXFileReference; explicitFileType = wrapper.cfbundle; includeInIndex = 0; path = SwuiftUINewsAppUITests.xctest; sourceTree = BUILT_PRODUCTS_DIR; };
		769E302327983C91006677E3 /* SwuiftUINewsAppUITests.swift */ = {isa = PBXFileReference; lastKnownFileType = sourcecode.swift; path = SwuiftUINewsAppUITests.swift; sourceTree = "<group>"; };
		769E302527983C91006677E3 /* SwuiftUINewsAppUITestsLaunchTests.swift */ = {isa = PBXFileReference; lastKnownFileType = sourcecode.swift; path = SwuiftUINewsAppUITestsLaunchTests.swift; sourceTree = "<group>"; };
		769E303227983E85006677E3 /* README.md */ = {isa = PBXFileReference; fileEncoding = 4; lastKnownFileType = net.daringfireball.markdown; path = README.md; sourceTree = "<group>"; };
		769E3035279842C7006677E3 /* HomeView.swift */ = {isa = PBXFileReference; lastKnownFileType = sourcecode.swift; path = HomeView.swift; sourceTree = "<group>"; };
		769E3038279845FB006677E3 /* NewsResponse.swift */ = {isa = PBXFileReference; lastKnownFileType = sourcecode.swift; path = NewsResponse.swift; sourceTree = "<group>"; };
		769E303B27984FB4006677E3 /* NewsEndpoint.swift */ = {isa = PBXFileReference; lastKnownFileType = sourcecode.swift; path = NewsEndpoint.swift; sourceTree = "<group>"; };
/* End PBXFileReference section */

/* Begin PBXFrameworksBuildPhase section */
		769E300227983C8C006677E3 /* Frameworks */ = {
			isa = PBXFrameworksBuildPhase;
			buildActionMask = 2147483647;
			files = (
				766A81DB279A04E000564FCD /* URLImageStore in Frameworks */,
				766A81D9279A04E000564FCD /* URLImage in Frameworks */,
			);
			runOnlyForDeploymentPostprocessing = 0;
		};
		769E301227983C91006677E3 /* Frameworks */ = {
			isa = PBXFrameworksBuildPhase;
			buildActionMask = 2147483647;
			files = (
			);
			runOnlyForDeploymentPostprocessing = 0;
		};
		769E301C27983C91006677E3 /* Frameworks */ = {
			isa = PBXFrameworksBuildPhase;
			buildActionMask = 2147483647;
			files = (
			);
			runOnlyForDeploymentPostprocessing = 0;
		};
/* End PBXFrameworksBuildPhase section */

/* Begin PBXGroup section */
		766A81CB2799FBC300564FCD /* Error */ = {
			isa = PBXGroup;
			children = (
				766A81CC2799FBD000564FCD /* APIError.swift */,
			);
			path = Error;
			sourceTree = "<group>";
		};
		766A81CE2799FCC600564FCD /* Service */ = {
			isa = PBXGroup;
			children = (
				766A81CF2799FCCE00564FCD /* NewsService.swift */,
			);
			path = Service;
			sourceTree = "<group>";
		};
		766A81D1279A015C00564FCD /* States */ = {
			isa = PBXGroup;
			children = (
				766A81D2279A016D00564FCD /* ResultState.swift */,
			);
			path = States;
			sourceTree = "<group>";
		};
		766A81D4279A01AE00564FCD /* ViewModel */ = {
			isa = PBXGroup;
			children = (
				766A81D5279A01BA00564FCD /* NewsViewModel.swift */,
			);
			path = ViewModel;
			sourceTree = "<group>";
		};
		769E2FFC27983C8C006677E3 = {
			isa = PBXGroup;
			children = (
				769E300727983C8C006677E3 /* SwuiftUINewsApp */,
				769E301827983C91006677E3 /* SwuiftUINewsAppTests */,
				769E302227983C91006677E3 /* SwuiftUINewsAppUITests */,
				769E303227983E85006677E3 /* README.md */,
				769E300627983C8C006677E3 /* Products */,
			);
			sourceTree = "<group>";
		};
		769E300627983C8C006677E3 /* Products */ = {
			isa = PBXGroup;
			children = (
				769E300527983C8C006677E3 /* SwuiftUINewsApp.app */,
				769E301527983C91006677E3 /* SwuiftUINewsAppTests.xctest */,
				769E301F27983C91006677E3 /* SwuiftUINewsAppUITests.xctest */,
			);
			name = Products;
			sourceTree = "<group>";
		};
		769E300727983C8C006677E3 /* SwuiftUINewsApp */ = {
			isa = PBXGroup;
			children = (
				766A81D4279A01AE00564FCD /* ViewModel */,
				766A81D1279A015C00564FCD /* States */,
				766A81CE2799FCC600564FCD /* Service */,
				766A81CB2799FBC300564FCD /* Error */,
				769E303A27984F95006677E3 /* Endpoint */,
				769E3037279844DB006677E3 /* Model */,
				769E3034279842B3006677E3 /* View */,
				769E300827983C8C006677E3 /* SwuiftUINewsApp.swift */,
				769E300C27983C91006677E3 /* Assets.xcassets */,
				769E300E27983C91006677E3 /* Preview Content */,
			);
			path = SwuiftUINewsApp;
			sourceTree = "<group>";
		};
		769E300E27983C91006677E3 /* Preview Content */ = {
			isa = PBXGroup;
			children = (
				769E300F27983C91006677E3 /* Preview Assets.xcassets */,
			);
			path = "Preview Content";
			sourceTree = "<group>";
		};
		769E301827983C91006677E3 /* SwuiftUINewsAppTests */ = {
			isa = PBXGroup;
			children = (
				769E301927983C91006677E3 /* SwuiftUINewsAppTests.swift */,
			);
			path = SwuiftUINewsAppTests;
			sourceTree = "<group>";
		};
		769E302227983C91006677E3 /* SwuiftUINewsAppUITests */ = {
			isa = PBXGroup;
			children = (
				769E302327983C91006677E3 /* SwuiftUINewsAppUITests.swift */,
				769E302527983C91006677E3 /* SwuiftUINewsAppUITestsLaunchTests.swift */,
			);
			path = SwuiftUINewsAppUITests;
			sourceTree = "<group>";
		};
		769E3034279842B3006677E3 /* View */ = {
			isa = PBXGroup;
			children = (
				769E3035279842C7006677E3 /* HomeView.swift */,
				766A81DC279A052D00564FCD /* ArticleView.swift */,
				7657B1BB27A2AAFD00A9C23A /* ErrorView.swift */,
				7657B1BD27A2D94000A9C23A /* SettingsView.swift */,
				7657B1BF27A2D94C00A9C23A /* FeedView.swift */,
			);
			path = View;
			sourceTree = "<group>";
		};
		769E3037279844DB006677E3 /* Model */ = {
			isa = PBXGroup;
			children = (
				769E3038279845FB006677E3 /* NewsResponse.swift */,
			);
			path = Model;
			sourceTree = "<group>";
		};
		769E303A27984F95006677E3 /* Endpoint */ = {
			isa = PBXGroup;
			children = (
				769E303B27984FB4006677E3 /* NewsEndpoint.swift */,
			);
			path = Endpoint;
			sourceTree = "<group>";
		};
/* End PBXGroup section */

/* Begin PBXNativeTarget section */
		769E300427983C8C006677E3 /* SwuiftUINewsApp */ = {
			isa = PBXNativeTarget;
			buildConfigurationList = 769E302927983C91006677E3 /* Build configuration list for PBXNativeTarget "SwuiftUINewsApp" */;
			buildPhases = (
				769E300127983C8C006677E3 /* Sources */,
				769E300227983C8C006677E3 /* Frameworks */,
				769E300327983C8C006677E3 /* Resources */,
			);
			buildRules = (
			);
			dependencies = (
			);
			name = SwuiftUINewsApp;
			packageProductDependencies = (
				766A81D8279A04E000564FCD /* URLImage */,
				766A81DA279A04E000564FCD /* URLImageStore */,
			);
			productName = SwuiftUINewsApp;
			productReference = 769E300527983C8C006677E3 /* SwuiftUINewsApp.app */;
			productType = "com.apple.product-type.application";
		};
		769E301427983C91006677E3 /* SwuiftUINewsAppTests */ = {
			isa = PBXNativeTarget;
			buildConfigurationList = 769E302C27983C91006677E3 /* Build configuration list for PBXNativeTarget "SwuiftUINewsAppTests" */;
			buildPhases = (
				769E301127983C91006677E3 /* Sources */,
				769E301227983C91006677E3 /* Frameworks */,
				769E301327983C91006677E3 /* Resources */,
			);
			buildRules = (
			);
			dependencies = (
				769E301727983C91006677E3 /* PBXTargetDependency */,
			);
			name = SwuiftUINewsAppTests;
			productName = SwuiftUINewsAppTests;
			productReference = 769E301527983C91006677E3 /* SwuiftUINewsAppTests.xctest */;
			productType = "com.apple.product-type.bundle.unit-test";
		};
		769E301E27983C91006677E3 /* SwuiftUINewsAppUITests */ = {
			isa = PBXNativeTarget;
			buildConfigurationList = 769E302F27983C91006677E3 /* Build configuration list for PBXNativeTarget "SwuiftUINewsAppUITests" */;
			buildPhases = (
				769E301B27983C91006677E3 /* Sources */,
				769E301C27983C91006677E3 /* Frameworks */,
				769E301D27983C91006677E3 /* Resources */,
			);
			buildRules = (
			);
			dependencies = (
				769E302127983C91006677E3 /* PBXTargetDependency */,
			);
			name = SwuiftUINewsAppUITests;
			productName = SwuiftUINewsAppUITests;
			productReference = 769E301F27983C91006677E3 /* SwuiftUINewsAppUITests.xctest */;
			productType = "com.apple.product-type.bundle.ui-testing";
		};
/* End PBXNativeTarget section */

/* Begin PBXProject section */
		769E2FFD27983C8C006677E3 /* Project object */ = {
			isa = PBXProject;
			attributes = {
				BuildIndependentTargetsInParallel = 1;
				LastSwiftUpdateCheck = 1320;
				LastUpgradeCheck = 1320;
				TargetAttributes = {
					769E300427983C8C006677E3 = {
						CreatedOnToolsVersion = 13.2.1;
					};
					769E301427983C91006677E3 = {
						CreatedOnToolsVersion = 13.2.1;
						TestTargetID = 769E300427983C8C006677E3;
					};
					769E301E27983C91006677E3 = {
						CreatedOnToolsVersion = 13.2.1;
						TestTargetID = 769E300427983C8C006677E3;
					};
				};
			};
			buildConfigurationList = 769E300027983C8C006677E3 /* Build configuration list for PBXProject "SwuiftUINewsApp" */;
			compatibilityVersion = "Xcode 13.0";
			developmentRegion = en;
			hasScannedForEncodings = 0;
			knownRegions = (
				en,
				Base,
			);
			mainGroup = 769E2FFC27983C8C006677E3;
			packageReferences = (
				766A81D7279A04E000564FCD /* XCRemoteSwiftPackageReference "url-image" */,
			);
			productRefGroup = 769E300627983C8C006677E3 /* Products */;
			projectDirPath = "";
			projectRoot = "";
			targets = (
				769E300427983C8C006677E3 /* SwuiftUINewsApp */,
				769E301427983C91006677E3 /* SwuiftUINewsAppTests */,
				769E301E27983C91006677E3 /* SwuiftUINewsAppUITests */,
			);
		};
/* End PBXProject section */

/* Begin PBXResourcesBuildPhase section */
		769E300327983C8C006677E3 /* Resources */ = {
			isa = PBXResourcesBuildPhase;
			buildActionMask = 2147483647;
			files = (
				769E303327983E85006677E3 /* README.md in Resources */,
				769E301027983C91006677E3 /* Preview Assets.xcassets in Resources */,
				769E300D27983C91006677E3 /* Assets.xcassets in Resources */,
			);
			runOnlyForDeploymentPostprocessing = 0;
		};
		769E301327983C91006677E3 /* Resources */ = {
			isa = PBXResourcesBuildPhase;
			buildActionMask = 2147483647;
			files = (
			);
			runOnlyForDeploymentPostprocessing = 0;
		};
		769E301D27983C91006677E3 /* Resources */ = {
			isa = PBXResourcesBuildPhase;
			buildActionMask = 2147483647;
			files = (
			);
			runOnlyForDeploymentPostprocessing = 0;
		};
/* End PBXResourcesBuildPhase section */

/* Begin PBXSourcesBuildPhase section */
		769E300127983C8C006677E3 /* Sources */ = {
			isa = PBXSourcesBuildPhase;
			buildActionMask = 2147483647;
			files = (
				766A81D3279A016D00564FCD /* ResultState.swift in Sources */,
				766A81D02799FCCE00564FCD /* NewsService.swift in Sources */,
				769E3036279842C7006677E3 /* HomeView.swift in Sources */,
				769E300927983C8C006677E3 /* SwuiftUINewsApp.swift in Sources */,
				7657B1C027A2D94C00A9C23A /* FeedView.swift in Sources */,
				769E3039279845FB006677E3 /* NewsResponse.swift in Sources */,
				7657B1BC27A2AAFD00A9C23A /* ErrorView.swift in Sources */,
				766A81CD2799FBD000564FCD /* APIError.swift in Sources */,
				769E303C27984FB4006677E3 /* NewsEndpoint.swift in Sources */,
				766A81DD279A052D00564FCD /* ArticleView.swift in Sources */,
				766A81D6279A01BA00564FCD /* NewsViewModel.swift in Sources */,
				7657B1BE27A2D94000A9C23A /* SettingsView.swift in Sources */,
			);
			runOnlyForDeploymentPostprocessing = 0;
		};
		769E301127983C91006677E3 /* Sources */ = {
			isa = PBXSourcesBuildPhase;
			buildActionMask = 2147483647;
			files = (
				769E301A27983C91006677E3 /* SwuiftUINewsAppTests.swift in Sources */,
			);
			runOnlyForDeploymentPostprocessing = 0;
		};
		769E301B27983C91006677E3 /* Sources */ = {
			isa = PBXSourcesBuildPhase;
			buildActionMask = 2147483647;
			files = (
				769E302427983C91006677E3 /* SwuiftUINewsAppUITests.swift in Sources */,
				769E302627983C91006677E3 /* SwuiftUINewsAppUITestsLaunchTests.swift in Sources */,
			);
			runOnlyForDeploymentPostprocessing = 0;
		};
/* End PBXSourcesBuildPhase section */

/* Begin PBXTargetDependency section */
		769E301727983C91006677E3 /* PBXTargetDependency */ = {
			isa = PBXTargetDependency;
			target = 769E300427983C8C006677E3 /* SwuiftUINewsApp */;
			targetProxy = 769E301627983C91006677E3 /* PBXContainerItemProxy */;
		};
		769E302127983C91006677E3 /* PBXTargetDependency */ = {
			isa = PBXTargetDependency;
			target = 769E300427983C8C006677E3 /* SwuiftUINewsApp */;
			targetProxy = 769E302027983C91006677E3 /* PBXContainerItemProxy */;
		};
/* End PBXTargetDependency section */

/* Begin XCBuildConfiguration section */
		769E302727983C91006677E3 /* Debug */ = {
			isa = XCBuildConfiguration;
			buildSettings = {
				ALWAYS_SEARCH_USER_PATHS = NO;
				CLANG_ANALYZER_NONNULL = YES;
				CLANG_ANALYZER_NUMBER_OBJECT_CONVERSION = YES_AGGRESSIVE;
				CLANG_CXX_LANGUAGE_STANDARD = "gnu++17";
				CLANG_CXX_LIBRARY = "libc++";
				CLANG_ENABLE_MODULES = YES;
				CLANG_ENABLE_OBJC_ARC = YES;
				CLANG_ENABLE_OBJC_WEAK = YES;
				CLANG_WARN_BLOCK_CAPTURE_AUTORELEASING = YES;
				CLANG_WARN_BOOL_CONVERSION = YES;
				CLANG_WARN_COMMA = YES;
				CLANG_WARN_CONSTANT_CONVERSION = YES;
				CLANG_WARN_DEPRECATED_OBJC_IMPLEMENTATIONS = YES;
				CLANG_WARN_DIRECT_OBJC_ISA_USAGE = YES_ERROR;
				CLANG_WARN_DOCUMENTATION_COMMENTS = YES;
				CLANG_WARN_EMPTY_BODY = YES;
				CLANG_WARN_ENUM_CONVERSION = YES;
				CLANG_WARN_INFINITE_RECURSION = YES;
				CLANG_WARN_INT_CONVERSION = YES;
				CLANG_WARN_NON_LITERAL_NULL_CONVERSION = YES;
				CLANG_WARN_OBJC_IMPLICIT_RETAIN_SELF = YES;
				CLANG_WARN_OBJC_LITERAL_CONVERSION = YES;
				CLANG_WARN_OBJC_ROOT_CLASS = YES_ERROR;
				CLANG_WARN_QUOTED_INCLUDE_IN_FRAMEWORK_HEADER = YES;
				CLANG_WARN_RANGE_LOOP_ANALYSIS = YES;
				CLANG_WARN_STRICT_PROTOTYPES = YES;
				CLANG_WARN_SUSPICIOUS_MOVE = YES;
				CLANG_WARN_UNGUARDED_AVAILABILITY = YES_AGGRESSIVE;
				CLANG_WARN_UNREACHABLE_CODE = YES;
				CLANG_WARN__DUPLICATE_METHOD_MATCH = YES;
				COPY_PHASE_STRIP = NO;
				DEBUG_INFORMATION_FORMAT = dwarf;
				ENABLE_STRICT_OBJC_MSGSEND = YES;
				ENABLE_TESTABILITY = YES;
				GCC_C_LANGUAGE_STANDARD = gnu11;
				GCC_DYNAMIC_NO_PIC = NO;
				GCC_NO_COMMON_BLOCKS = YES;
				GCC_OPTIMIZATION_LEVEL = 0;
				GCC_PREPROCESSOR_DEFINITIONS = (
					"DEBUG=1",
					"$(inherited)",
				);
				GCC_WARN_64_TO_32_BIT_CONVERSION = YES;
				GCC_WARN_ABOUT_RETURN_TYPE = YES_ERROR;
				GCC_WARN_UNDECLARED_SELECTOR = YES;
				GCC_WARN_UNINITIALIZED_AUTOS = YES_AGGRESSIVE;
				GCC_WARN_UNUSED_FUNCTION = YES;
				GCC_WARN_UNUSED_VARIABLE = YES;
				IPHONEOS_DEPLOYMENT_TARGET = 15.2;
				MTL_ENABLE_DEBUG_INFO = INCLUDE_SOURCE;
				MTL_FAST_MATH = YES;
				ONLY_ACTIVE_ARCH = YES;
				SDKROOT = iphoneos;
				SWIFT_ACTIVE_COMPILATION_CONDITIONS = DEBUG;
				SWIFT_OPTIMIZATION_LEVEL = "-Onone";
			};
			name = Debug;
		};
		769E302827983C91006677E3 /* Release */ = {
			isa = XCBuildConfiguration;
			buildSettings = {
				ALWAYS_SEARCH_USER_PATHS = NO;
				CLANG_ANALYZER_NONNULL = YES;
				CLANG_ANALYZER_NUMBER_OBJECT_CONVERSION = YES_AGGRESSIVE;
				CLANG_CXX_LANGUAGE_STANDARD = "gnu++17";
				CLANG_CXX_LIBRARY = "libc++";
				CLANG_ENABLE_MODULES = YES;
				CLANG_ENABLE_OBJC_ARC = YES;
				CLANG_ENABLE_OBJC_WEAK = YES;
				CLANG_WARN_BLOCK_CAPTURE_AUTORELEASING = YES;
				CLANG_WARN_BOOL_CONVERSION = YES;
				CLANG_WARN_COMMA = YES;
				CLANG_WARN_CONSTANT_CONVERSION = YES;
				CLANG_WARN_DEPRECATED_OBJC_IMPLEMENTATIONS = YES;
				CLANG_WARN_DIRECT_OBJC_ISA_USAGE = YES_ERROR;
				CLANG_WARN_DOCUMENTATION_COMMENTS = YES;
				CLANG_WARN_EMPTY_BODY = YES;
				CLANG_WARN_ENUM_CONVERSION = YES;
				CLANG_WARN_INFINITE_RECURSION = YES;
				CLANG_WARN_INT_CONVERSION = YES;
				CLANG_WARN_NON_LITERAL_NULL_CONVERSION = YES;
				CLANG_WARN_OBJC_IMPLICIT_RETAIN_SELF = YES;
				CLANG_WARN_OBJC_LITERAL_CONVERSION = YES;
				CLANG_WARN_OBJC_ROOT_CLASS = YES_ERROR;
				CLANG_WARN_QUOTED_INCLUDE_IN_FRAMEWORK_HEADER = YES;
				CLANG_WARN_RANGE_LOOP_ANALYSIS = YES;
				CLANG_WARN_STRICT_PROTOTYPES = YES;
				CLANG_WARN_SUSPICIOUS_MOVE = YES;
				CLANG_WARN_UNGUARDED_AVAILABILITY = YES_AGGRESSIVE;
				CLANG_WARN_UNREACHABLE_CODE = YES;
				CLANG_WARN__DUPLICATE_METHOD_MATCH = YES;
				COPY_PHASE_STRIP = NO;
				DEBUG_INFORMATION_FORMAT = "dwarf-with-dsym";
				ENABLE_NS_ASSERTIONS = NO;
				ENABLE_STRICT_OBJC_MSGSEND = YES;
				GCC_C_LANGUAGE_STANDARD = gnu11;
				GCC_NO_COMMON_BLOCKS = YES;
				GCC_WARN_64_TO_32_BIT_CONVERSION = YES;
				GCC_WARN_ABOUT_RETURN_TYPE = YES_ERROR;
				GCC_WARN_UNDECLARED_SELECTOR = YES;
				GCC_WARN_UNINITIALIZED_AUTOS = YES_AGGRESSIVE;
				GCC_WARN_UNUSED_FUNCTION = YES;
				GCC_WARN_UNUSED_VARIABLE = YES;
				IPHONEOS_DEPLOYMENT_TARGET = 15.2;
				MTL_ENABLE_DEBUG_INFO = NO;
				MTL_FAST_MATH = YES;
				SDKROOT = iphoneos;
				SWIFT_COMPILATION_MODE = wholemodule;
				SWIFT_OPTIMIZATION_LEVEL = "-O";
				VALIDATE_PRODUCT = YES;
			};
			name = Release;
		};
		769E302A27983C91006677E3 /* Debug */ = {
			isa = XCBuildConfiguration;
			buildSettings = {
				ASSETCATALOG_COMPILER_APPICON_NAME = AppIcon;
				ASSETCATALOG_COMPILER_GLOBAL_ACCENT_COLOR_NAME = AccentColor;
				CODE_SIGN_STYLE = Automatic;
				CURRENT_PROJECT_VERSION = 1;
				DEVELOPMENT_ASSET_PATHS = "\"SwuiftUINewsApp/Preview Content\"";
				ENABLE_PREVIEWS = YES;
				GENERATE_INFOPLIST_FILE = YES;
				INFOPLIST_KEY_UIApplicationSceneManifest_Generation = YES;
				INFOPLIST_KEY_UIApplicationSupportsIndirectInputEvents = YES;
				INFOPLIST_KEY_UILaunchScreen_Generation = YES;
				INFOPLIST_KEY_UISupportedInterfaceOrientations_iPad = "UIInterfaceOrientationPortrait UIInterfaceOrientationPortraitUpsideDown UIInterfaceOrientationLandscapeLeft UIInterfaceOrientationLandscapeRight";
				INFOPLIST_KEY_UISupportedInterfaceOrientations_iPhone = "UIInterfaceOrientationPortrait UIInterfaceOrientationLandscapeLeft UIInterfaceOrientationLandscapeRight";
				LD_RUNPATH_SEARCH_PATHS = (
					"$(inherited)",
					"@executable_path/Frameworks",
				);
				MARKETING_VERSION = 1.0;
				PRODUCT_BUNDLE_IDENTIFIER = com.takasurazeem.SwuiftUINewsApp;
				PRODUCT_NAME = "$(TARGET_NAME)";
				SWIFT_EMIT_LOC_STRINGS = YES;
				SWIFT_VERSION = 5.0;
				TARGETED_DEVICE_FAMILY = "1,2";
			};
			name = Debug;
		};
		769E302B27983C91006677E3 /* Release */ = {
			isa = XCBuildConfiguration;
			buildSettings = {
				ASSETCATALOG_COMPILER_APPICON_NAME = AppIcon;
				ASSETCATALOG_COMPILER_GLOBAL_ACCENT_COLOR_NAME = AccentColor;
				CODE_SIGN_STYLE = Automatic;
				CURRENT_PROJECT_VERSION = 1;
				DEVELOPMENT_ASSET_PATHS = "\"SwuiftUINewsApp/Preview Content\"";
				ENABLE_PREVIEWS = YES;
				GENERATE_INFOPLIST_FILE = YES;
				INFOPLIST_KEY_UIApplicationSceneManifest_Generation = YES;
				INFOPLIST_KEY_UIApplicationSupportsIndirectInputEvents = YES;
				INFOPLIST_KEY_UILaunchScreen_Generation = YES;
				INFOPLIST_KEY_UISupportedInterfaceOrientations_iPad = "UIInterfaceOrientationPortrait UIInterfaceOrientationPortraitUpsideDown UIInterfaceOrientationLandscapeLeft UIInterfaceOrientationLandscapeRight";
				INFOPLIST_KEY_UISupportedInterfaceOrientations_iPhone = "UIInterfaceOrientationPortrait UIInterfaceOrientationLandscapeLeft UIInterfaceOrientationLandscapeRight";
				LD_RUNPATH_SEARCH_PATHS = (
					"$(inherited)",
					"@executable_path/Frameworks",
				);
				MARKETING_VERSION = 1.0;
				PRODUCT_BUNDLE_IDENTIFIER = com.takasurazeem.SwuiftUINewsApp;
				PRODUCT_NAME = "$(TARGET_NAME)";
				SWIFT_EMIT_LOC_STRINGS = YES;
				SWIFT_VERSION = 5.0;
				TARGETED_DEVICE_FAMILY = "1,2";
			};
			name = Release;
		};
		769E302D27983C91006677E3 /* Debug */ = {
			isa = XCBuildConfiguration;
			buildSettings = {
				ALWAYS_EMBED_SWIFT_STANDARD_LIBRARIES = YES;
				BUNDLE_LOADER = "$(TEST_HOST)";
				CODE_SIGN_STYLE = Automatic;
				CURRENT_PROJECT_VERSION = 1;
				GENERATE_INFOPLIST_FILE = YES;
				IPHONEOS_DEPLOYMENT_TARGET = 15.2;
				MARKETING_VERSION = 1.0;
				PRODUCT_BUNDLE_IDENTIFIER = com.takasurazeem.SwuiftUINewsAppTests;
				PRODUCT_NAME = "$(TARGET_NAME)";
				SWIFT_EMIT_LOC_STRINGS = NO;
				SWIFT_VERSION = 5.0;
				TARGETED_DEVICE_FAMILY = "1,2";
				TEST_HOST = "$(BUILT_PRODUCTS_DIR)/SwuiftUINewsApp.app/SwuiftUINewsApp";
			};
			name = Debug;
		};
		769E302E27983C91006677E3 /* Release */ = {
			isa = XCBuildConfiguration;
			buildSettings = {
				ALWAYS_EMBED_SWIFT_STANDARD_LIBRARIES = YES;
				BUNDLE_LOADER = "$(TEST_HOST)";
				CODE_SIGN_STYLE = Automatic;
				CURRENT_PROJECT_VERSION = 1;
				GENERATE_INFOPLIST_FILE = YES;
				IPHONEOS_DEPLOYMENT_TARGET = 15.2;
				MARKETING_VERSION = 1.0;
				PRODUCT_BUNDLE_IDENTIFIER = com.takasurazeem.SwuiftUINewsAppTests;
				PRODUCT_NAME = "$(TARGET_NAME)";
				SWIFT_EMIT_LOC_STRINGS = NO;
				SWIFT_VERSION = 5.0;
				TARGETED_DEVICE_FAMILY = "1,2";
				TEST_HOST = "$(BUILT_PRODUCTS_DIR)/SwuiftUINewsApp.app/SwuiftUINewsApp";
			};
			name = Release;
		};
		769E303027983C91006677E3 /* Debug */ = {
			isa = XCBuildConfiguration;
			buildSettings = {
				ALWAYS_EMBED_SWIFT_STANDARD_LIBRARIES = YES;
				CODE_SIGN_STYLE = Automatic;
				CURRENT_PROJECT_VERSION = 1;
				GENERATE_INFOPLIST_FILE = YES;
				MARKETING_VERSION = 1.0;
				PRODUCT_BUNDLE_IDENTIFIER = com.takasurazeem.SwuiftUINewsAppUITests;
				PRODUCT_NAME = "$(TARGET_NAME)";
				SWIFT_EMIT_LOC_STRINGS = NO;
				SWIFT_VERSION = 5.0;
				TARGETED_DEVICE_FAMILY = "1,2";
				TEST_TARGET_NAME = SwuiftUINewsApp;
			};
			name = Debug;
		};
		769E303127983C91006677E3 /* Release */ = {
			isa = XCBuildConfiguration;
			buildSettings = {
				ALWAYS_EMBED_SWIFT_STANDARD_LIBRARIES = YES;
				CODE_SIGN_STYLE = Automatic;
				CURRENT_PROJECT_VERSION = 1;
				GENERATE_INFOPLIST_FILE = YES;
				MARKETING_VERSION = 1.0;
				PRODUCT_BUNDLE_IDENTIFIER = com.takasurazeem.SwuiftUINewsAppUITests;
				PRODUCT_NAME = "$(TARGET_NAME)";
				SWIFT_EMIT_LOC_STRINGS = NO;
				SWIFT_VERSION = 5.0;
				TARGETED_DEVICE_FAMILY = "1,2";
				TEST_TARGET_NAME = SwuiftUINewsApp;
			};
			name = Release;
		};
/* End XCBuildConfiguration section */

/* Begin XCConfigurationList section */
		769E300027983C8C006677E3 /* Build configuration list for PBXProject "SwuiftUINewsApp" */ = {
			isa = XCConfigurationList;
			buildConfigurations = (
				769E302727983C91006677E3 /* Debug */,
				769E302827983C91006677E3 /* Release */,
			);
			defaultConfigurationIsVisible = 0;
			defaultConfigurationName = Release;
		};
		769E302927983C91006677E3 /* Build configuration list for PBXNativeTarget "SwuiftUINewsApp" */ = {
			isa = XCConfigurationList;
			buildConfigurations = (
				769E302A27983C91006677E3 /* Debug */,
				769E302B27983C91006677E3 /* Release */,
			);
			defaultConfigurationIsVisible = 0;
			defaultConfigurationName = Release;
		};
		769E302C27983C91006677E3 /* Build configuration list for PBXNativeTarget "SwuiftUINewsAppTests" */ = {
			isa = XCConfigurationList;
			buildConfigurations = (
				769E302D27983C91006677E3 /* Debug */,
				769E302E27983C91006677E3 /* Release */,
			);
			defaultConfigurationIsVisible = 0;
			defaultConfigurationName = Release;
		};
		769E302F27983C91006677E3 /* Build configuration list for PBXNativeTarget "SwuiftUINewsAppUITests" */ = {
			isa = XCConfigurationList;
			buildConfigurations = (
				769E303027983C91006677E3 /* Debug */,
				769E303127983C91006677E3 /* Release */,
			);
			defaultConfigurationIsVisible = 0;
			defaultConfigurationName = Release;
		};
/* End XCConfigurationList section */

/* Begin XCRemoteSwiftPackageReference section */
		766A81D7279A04E000564FCD /* XCRemoteSwiftPackageReference "url-image" */ = {
			isa = XCRemoteSwiftPackageReference;
			repositoryURL = "git@github.com:dmytro-anokhin/url-image.git";
			requirement = {
				kind = upToNextMajorVersion;
				minimumVersion = 3.0.0;
			};
		};
/* End XCRemoteSwiftPackageReference section */

/* Begin XCSwiftPackageProductDependency section */
		766A81D8279A04E000564FCD /* URLImage */ = {
			isa = XCSwiftPackageProductDependency;
			package = 766A81D7279A04E000564FCD /* XCRemoteSwiftPackageReference "url-image" */;
			productName = URLImage;
		};
		766A81DA279A04E000564FCD /* URLImageStore */ = {
			isa = XCSwiftPackageProductDependency;
			package = 766A81D7279A04E000564FCD /* XCRemoteSwiftPackageReference "url-image" */;
			productName = URLImageStore;
		};
/* End XCSwiftPackageProductDependency section */
	};
	rootObject = 769E2FFD27983C8C006677E3 /* Project object */;
}
